{
    "_readme": [
        "This file locks the dependencies of your project to a known state",
        "Read more about it at http://getcomposer.org/doc/01-basic-usage.md#composer-lock-the-lock-file",
        "This file is @generated automatically"
    ],
    "hash": "e10551e4bfbe1974cca0c8205f1f2ed3",
    "packages": [
        {
            "name": "shopex/prism",
            "version": "v1.0",
            "source": {
                "type": "git",
                "url": "https://github.com/shopex/prism-php.git",
                "reference": "e9cafbd6ef35eb6f86277303c3a8d1345bc7542d"
            },
            "dist": {
                "type": "zip",
                "url": "https://api.github.com/repos/shopex/prism-php/zipball/e9cafbd6ef35eb6f86277303c3a8d1345bc7542d",
                "reference": "e9cafbd6ef35eb6f86277303c3a8d1345bc7542d",
                "shasum": ""
            },
            "require": {
                "php": ">=5.0.0"
            },
            "type": "library",
            "autoload": {
                "classmap": [
                    "src/"
                ]
            },
            "notification-url": "https://packagist.org/downloads/",
            "license": [
                "MIT"
            ],
            "authors": [
                {
                    "name": "Cai Yun Chen",
                    "email": "caiyunchen@shopex.cn",
                    "homepage": "http://www.shopex.cn/"
                }
            ],
            "description": "SDK for shopex prism platform",
            "homepage": "http://github.com/shopex/prism-php",
            "keywords": [
                "api",
                "prism",
                "shopex"
            ],
            "time": "2015-04-24 06:21:50"
        }
    ],
    "packages-dev": [],
    "aliases": [],
    "minimum-stability": "stable",
    "stability-flags": [],
    "prefer-stable": false,
    "prefer-lowest": false,
    "platform": {
        "php": ">=5.0.0"
    },
    "platform-dev": []
}
